{
  "name": "rolename",
  "version": "0.1.0",
  "lockfileVersion": 3,
  "requires": true,
  "packages": {
    "": {
      "name": "rolename",
      "version": "0.1.0",
      "license": "Apache-2.0",
      "bin": {
        "r3": "rolename3.js",
        "rolename": "index.js",
        "rolename2": "rolename2.js"
      }
    }
  }
}
